
Microsoft Visual Studio Solution File, Format Version 12.00
# Visual Studio Version 16
VisualStudioVersion = 25.0.1704.0
MinimumVisualStudioVersion = 10.0.40219.1
Project("{FAE04EC0-301F-11D3-BF4B-00C04F79EFBC}") = "LASTASKCsharp", "LASTASKCsharp\LASTASKCsharp.csproj", "{2197F0BB-0EE0-4D97-A1B7-90441BBF0009}"
EndProject
Global
	GlobalSection(SolutionConfigurationPlatforms) = preSolution
		Debug|Any CPU = Debug|Any CPU
		Release|Any CPU = Release|Any CPU
	EndGlobalSection
	GlobalSection(ProjectConfigurationPlatforms) = postSolution
		{2197F0BB-0EE0-4D97-A1B7-90441BBF0009}.Debug|Any CPU.ActiveCfg = Debug|Any CPU
		{2197F0BB-0EE0-4D97-A1B7-90441BBF0009}.Debug|Any CPU.Build.0 = Debug|Any CPU
		{2197F0BB-0EE0-4D97-A1B7-90441BBF0009}.Release|Any CPU.ActiveCfg = Release|Any CPU
		{2197F0BB-0EE0-4D97-A1B7-90441BBF0009}.Release|Any CPU.Build.0 = Release|Any CPU
	EndGlobalSection
	GlobalSection(SolutionProperties) = preSolution
		HideSolutionNode = FALSE
	EndGlobalSection
	GlobalSection(ExtensibilityGlobals) = postSolution
		SolutionGuid = {FCE62A46-F9BC-474C-B04F-8301949ABE18}
	EndGlobalSection
EndGlobal
